
Microsoft Visual Studio Solution File, Format Version 12.00
# Visual Studio Version 17
VisualStudioVersion = 17.14.36109.1 d17.14
MinimumVisualStudioVersion = 10.0.40219.1
Project("{FAE04EC0-301F-11D3-BF4B-00C04F79EFBC}") = "SimpleShooter", "SimpleShooter\SimpleShooter.csproj", "{9AA93EC7-ADB0-41BE-BE86-278BEFD06394}"
EndProject
Global
	GlobalSection(SolutionConfigurationPlatforms) = preSolution
		Debug|Any CPU = Debug|Any CPU
		Release|Any CPU = Release|Any CPU
	EndGlobalSection
	GlobalSection(ProjectConfigurationPlatforms) = postSolution
		{9AA93EC7-ADB0-41BE-BE86-278BEFD06394}.Debug|Any CPU.ActiveCfg = Debug|Any CPU
		{9AA93EC7-ADB0-41BE-BE86-278BEFD06394}.Debug|Any CPU.Build.0 = Debug|Any CPU
		{9AA93EC7-ADB0-41BE-BE86-278BEFD06394}.Release|Any CPU.ActiveCfg = Release|Any CPU
		{9AA93EC7-ADB0-41BE-BE86-278BEFD06394}.Release|Any CPU.Build.0 = Release|Any CPU
	EndGlobalSection
	GlobalSection(SolutionProperties) = preSolution
		HideSolutionNode = FALSE
	EndGlobalSection
	GlobalSection(ExtensibilityGlobals) = postSolution
		SolutionGuid = {EB0B3CD4-CF71-4D5C-A4C1-A394D9CBDA1B}
	EndGlobalSection
EndGlobal
